{
  "name": "array.prototype.unpop",
  "version": "1.0.0",
  "lockfileVersion": 3,
  "requires": true,
  "packages": {
    "": {
      "name": "array.prototype.unpop",
      "version": "1.0.0",
      "license": "MIT",
      "dependencies": {
        "unpop": "^1.0.1"
      }
    },
    "node_modules/unpop": {
      "version": "1.0.1",
      "resolved": "https://registry.npmjs.org/unpop/-/unpop-1.0.1.tgz",
      "integrity": "sha512-buExKjQB07KSv5Vogb+BzsNMbUbmnsINEDEzu+1JLpWOMiddgOeba0apdozrNAJQsVsJG/1/dZiK06qzuOiV3A==",
      "license": "MIT"
    }
  }
}
